
Microsoft Visual Studio Solution File, Format Version 11.00
# Visual Studio 2010
Project("{FAE04EC0-301F-11D3-BF4B-00C04F79EFBC}") = "MicrosoftKinectWrapper", "MicrosoftKinectWrapper\MicrosoftKinectWrapper.csproj", "{0B2B425B-FFFA-4271-BCB8-818F5799948A}"
EndProject
Project("{FAE04EC0-301F-11D3-BF4B-00C04F79EFBC}") = "KinectUser", "KinectUser\KinectUser.csproj", "{525BA754-986E-4CBF-AF3A-89B7DD2D3385}"
	ProjectSection(ProjectDependencies) = postProject
		{0B2B425B-FFFA-4271-BCB8-818F5799948A} = {0B2B425B-FFFA-4271-BCB8-818F5799948A}
	EndProjectSection
EndProject
Global
	GlobalSection(SolutionConfigurationPlatforms) = preSolution
		Debug|Any CPU = Debug|Any CPU
		Debug|Mixed Platforms = Debug|Mixed Platforms
		Debug|x86 = Debug|x86
		Release|Any CPU = Release|Any CPU
		Release|Mixed Platforms = Release|Mixed Platforms
		Release|x86 = Release|x86
	EndGlobalSection
	GlobalSection(ProjectConfigurationPlatforms) = postSolution
		{0B2B425B-FFFA-4271-BCB8-818F5799948A}.Debug|Any CPU.ActiveCfg = Debug|Any CPU
		{0B2B425B-FFFA-4271-BCB8-818F5799948A}.Debug|Any CPU.Build.0 = Debug|Any CPU
		{0B2B425B-FFFA-4271-BCB8-818F5799948A}.Debug|Mixed Platforms.ActiveCfg = Debug|Any CPU
		{0B2B425B-FFFA-4271-BCB8-818F5799948A}.Debug|Mixed Platforms.Build.0 = Debug|Any CPU
		{0B2B425B-FFFA-4271-BCB8-818F5799948A}.Debug|x86.ActiveCfg = Debug|Any CPU
		{0B2B425B-FFFA-4271-BCB8-818F5799948A}.Release|Any CPU.ActiveCfg = Release|Any CPU
		{0B2B425B-FFFA-4271-BCB8-818F5799948A}.Release|Any CPU.Build.0 = Release|Any CPU
		{0B2B425B-FFFA-4271-BCB8-818F5799948A}.Release|Mixed Platforms.ActiveCfg = Release|Any CPU
		{0B2B425B-FFFA-4271-BCB8-818F5799948A}.Release|Mixed Platforms.Build.0 = Release|Any CPU
		{0B2B425B-FFFA-4271-BCB8-818F5799948A}.Release|x86.ActiveCfg = Release|Any CPU
		{525BA754-986E-4CBF-AF3A-89B7DD2D3385}.Debug|Any CPU.ActiveCfg = Debug|x86
		{525BA754-986E-4CBF-AF3A-89B7DD2D3385}.Debug|Mixed Platforms.ActiveCfg = Debug|x86
		{525BA754-986E-4CBF-AF3A-89B7DD2D3385}.Debug|Mixed Platforms.Build.0 = Debug|x86
		{525BA754-986E-4CBF-AF3A-89B7DD2D3385}.Debug|x86.ActiveCfg = Debug|x86
		{525BA754-986E-4CBF-AF3A-89B7DD2D3385}.Debug|x86.Build.0 = Debug|x86
		{525BA754-986E-4CBF-AF3A-89B7DD2D3385}.Release|Any CPU.ActiveCfg = Release|x86
		{525BA754-986E-4CBF-AF3A-89B7DD2D3385}.Release|Mixed Platforms.ActiveCfg = Release|x86
		{525BA754-986E-4CBF-AF3A-89B7DD2D3385}.Release|Mixed Platforms.Build.0 = Release|x86
		{525BA754-986E-4CBF-AF3A-89B7DD2D3385}.Release|x86.ActiveCfg = Release|x86
		{525BA754-986E-4CBF-AF3A-89B7DD2D3385}.Release|x86.Build.0 = Release|x86
	EndGlobalSection
	GlobalSection(SolutionProperties) = preSolution
		HideSolutionNode = FALSE
	EndGlobalSection
EndGlobal
